<Solution>
  <Folder Name="/src/" />
  <Folder Name="/src/API/" />
  <Folder Name="/src/Core/">
    <Project Path="src\YmKB.Domain.Abstractions\YmKB.Domain.Abstractions.csproj" Type="Classic C#" />
    <Project Path="src\YmKB.Domain.Entities\YmKB.Domain.Entities.csproj" Type="Classic C#" />
  </Folder>
  <Folder Name="/src/Infrastructure/" />
  <Folder Name="/src/UI/">
    <Project Path="src/YmKB.UI/YmKB.UI.csproj" />
  </Folder>
  <Folder Name="/tests/" />
</Solution>