Microsoft Visual Studio Solution File, Format Version 12.00
# Visual Studio Version 17
VisualStudioVersion = 17.5.2.0
MinimumVisualStudioVersion = 10.0.40219.1
Project("{2150E333-8FDC-42A3-9474-1A3956D46DE8}") = "src", "src", "{827E0CD3-B72D-47B6-A68D-7590B98EB39B}"
EndProject
Project("{FAE04EC0-301F-11D3-BF4B-00C04F79EFBC}") = "YmKB.API", "src\YmKB.API\YmKB.API.csproj", "{A1E913AE-E290-4593-0A8F-DBDE335513DF}"
EndProject
Project("{FAE04EC0-301F-11D3-BF4B-00C04F79EFBC}") = "YmKB.Application", "src\YmKB.Application\YmKB.Application.csproj", "{9609BCED-04F6-D862-FAB0-D2D0E1C8DACC}"
EndProject
Project("{FAE04EC0-301F-11D3-BF4B-00C04F79EFBC}") = "YmKB.Domain.Abstractions", "src\YmKB.Domain.Abstractions\YmKB.Domain.Abstractions.csproj", "{F92369BC-32EF-48BA-EB9B-EA96556FC5D9}"
EndProject
Project("{FAE04EC0-301F-11D3-BF4B-00C04F79EFBC}") = "YmKB.Domain.Entities", "src\YmKB.Domain.Entities\YmKB.Domain.Entities.csproj", "{746C110B-90C1-79FC-DDD8-4EF2EE07C19E}"
EndProject
Project("{FAE04EC0-301F-11D3-BF4B-00C04F79EFBC}") = "YmKB.Infrastructure", "src\YmKB.Infrastructure\YmKB.Infrastructure.csproj", "{ABCA1D82-F87F-C887-D14D-FCCEC6B2C005}"
EndProject
Project("{FAE04EC0-301F-11D3-BF4B-00C04F79EFBC}") = "YmKB.UI", "src\YmKB.UI\YmKB.UI.csproj", "{C30EFC08-D2C0-DF97-E0B3-4437429176C4}"
EndProject
Project("{2150E333-8FDC-42A3-9474-1A3956D46DE8}") = "Migrators", "Migrators", "{44DA19C8-5B9B-6524-CF69-55296739FFA1}"
EndProject
Project("{FAE04EC0-301F-11D3-BF4B-00C04F79EFBC}") = "YmKB.Migrators.MSSQL", "src\Migrators\YmKB.Migrators.MSSQL\YmKB.Migrators.MSSQL.csproj", "{70A59819-E5D4-01A7-13B8-C58474FF5F12}"
EndProject
Project("{FAE04EC0-301F-11D3-BF4B-00C04F79EFBC}") = "YmKB.Migrators.PostgreSQL", "src\Migrators\YmKB.Migrators.PostgreSQL\YmKB.Migrators.PostgreSQL.csproj", "{97AE43C1-85AE-9690-C9BD-0324FBAB0050}"
EndProject
Project("{FAE04EC0-301F-11D3-BF4B-00C04F79EFBC}") = "YmKB.Migrators.SQLite", "src\Migrators\YmKB.Migrators.SQLite\YmKB.Migrators.SQLite.csproj", "{42AA0DB2-BE0F-D871-319F-098ECF1F59BF}"
EndProject
Global
	GlobalSection(SolutionConfigurationPlatforms) = preSolution
		Debug|Any CPU = Debug|Any CPU
		Release|Any CPU = Release|Any CPU
	EndGlobalSection
	GlobalSection(ProjectConfigurationPlatforms) = postSolution
		{A1E913AE-E290-4593-0A8F-DBDE335513DF}.Debug|Any CPU.ActiveCfg = Debug|Any CPU
		{A1E913AE-E290-4593-0A8F-DBDE335513DF}.Debug|Any CPU.Build.0 = Debug|Any CPU
		{A1E913AE-E290-4593-0A8F-DBDE335513DF}.Release|Any CPU.ActiveCfg = Release|Any CPU
		{A1E913AE-E290-4593-0A8F-DBDE335513DF}.Release|Any CPU.Build.0 = Release|Any CPU
		{9609BCED-04F6-D862-FAB0-D2D0E1C8DACC}.Debug|Any CPU.ActiveCfg = Debug|Any CPU
		{9609BCED-04F6-D862-FAB0-D2D0E1C8DACC}.Debug|Any CPU.Build.0 = Debug|Any CPU
		{9609BCED-04F6-D862-FAB0-D2D0E1C8DACC}.Release|Any CPU.ActiveCfg = Release|Any CPU
		{9609BCED-04F6-D862-FAB0-D2D0E1C8DACC}.Release|Any CPU.Build.0 = Release|Any CPU
		{F92369BC-32EF-48BA-EB9B-EA96556FC5D9}.Debug|Any CPU.ActiveCfg = Debug|Any CPU
		{F92369BC-32EF-48BA-EB9B-EA96556FC5D9}.Debug|Any CPU.Build.0 = Debug|Any CPU
		{F92369BC-32EF-48BA-EB9B-EA96556FC5D9}.Release|Any CPU.ActiveCfg = Release|Any CPU
		{F92369BC-32EF-48BA-EB9B-EA96556FC5D9}.Release|Any CPU.Build.0 = Release|Any CPU
		{746C110B-90C1-79FC-DDD8-4EF2EE07C19E}.Debug|Any CPU.ActiveCfg = Debug|Any CPU
		{746C110B-90C1-79FC-DDD8-4EF2EE07C19E}.Debug|Any CPU.Build.0 = Debug|Any CPU
		{746C110B-90C1-79FC-DDD8-4EF2EE07C19E}.Release|Any CPU.ActiveCfg = Release|Any CPU
		{746C110B-90C1-79FC-DDD8-4EF2EE07C19E}.Release|Any CPU.Build.0 = Release|Any CPU
		{ABCA1D82-F87F-C887-D14D-FCCEC6B2C005}.Debug|Any CPU.ActiveCfg = Debug|Any CPU
		{ABCA1D82-F87F-C887-D14D-FCCEC6B2C005}.Debug|Any CPU.Build.0 = Debug|Any CPU
		{ABCA1D82-F87F-C887-D14D-FCCEC6B2C005}.Release|Any CPU.ActiveCfg = Release|Any CPU
		{ABCA1D82-F87F-C887-D14D-FCCEC6B2C005}.Release|Any CPU.Build.0 = Release|Any CPU
		{C30EFC08-D2C0-DF97-E0B3-4437429176C4}.Debug|Any CPU.ActiveCfg = Debug|Any CPU
		{C30EFC08-D2C0-DF97-E0B3-4437429176C4}.Debug|Any CPU.Build.0 = Debug|Any CPU
		{C30EFC08-D2C0-DF97-E0B3-4437429176C4}.Release|Any CPU.ActiveCfg = Release|Any CPU
		{C30EFC08-D2C0-DF97-E0B3-4437429176C4}.Release|Any CPU.Build.0 = Release|Any CPU
		{70A59819-E5D4-01A7-13B8-C58474FF5F12}.Debug|Any CPU.ActiveCfg = Debug|Any CPU
		{70A59819-E5D4-01A7-13B8-C58474FF5F12}.Debug|Any CPU.Build.0 = Debug|Any CPU
		{70A59819-E5D4-01A7-13B8-C58474FF5F12}.Release|Any CPU.ActiveCfg = Release|Any CPU
		{70A59819-E5D4-01A7-13B8-C58474FF5F12}.Release|Any CPU.Build.0 = Release|Any CPU
		{97AE43C1-85AE-9690-C9BD-0324FBAB0050}.Debug|Any CPU.ActiveCfg = Debug|Any CPU
		{97AE43C1-85AE-9690-C9BD-0324FBAB0050}.Debug|Any CPU.Build.0 = Debug|Any CPU
		{97AE43C1-85AE-9690-C9BD-0324FBAB0050}.Release|Any CPU.ActiveCfg = Release|Any CPU
		{97AE43C1-85AE-9690-C9BD-0324FBAB0050}.Release|Any CPU.Build.0 = Release|Any CPU
		{42AA0DB2-BE0F-D871-319F-098ECF1F59BF}.Debug|Any CPU.ActiveCfg = Debug|Any CPU
		{42AA0DB2-BE0F-D871-319F-098ECF1F59BF}.Debug|Any CPU.Build.0 = Debug|Any CPU
		{42AA0DB2-BE0F-D871-319F-098ECF1F59BF}.Release|Any CPU.ActiveCfg = Release|Any CPU
		{42AA0DB2-BE0F-D871-319F-098ECF1F59BF}.Release|Any CPU.Build.0 = Release|Any CPU
	EndGlobalSection
	GlobalSection(SolutionProperties) = preSolution
		HideSolutionNode = FALSE
	EndGlobalSection
	GlobalSection(NestedProjects) = preSolution
		{A1E913AE-E290-4593-0A8F-DBDE335513DF} = {827E0CD3-B72D-47B6-A68D-7590B98EB39B}
		{9609BCED-04F6-D862-FAB0-D2D0E1C8DACC} = {827E0CD3-B72D-47B6-A68D-7590B98EB39B}
		{F92369BC-32EF-48BA-EB9B-EA96556FC5D9} = {827E0CD3-B72D-47B6-A68D-7590B98EB39B}
		{746C110B-90C1-79FC-DDD8-4EF2EE07C19E} = {827E0CD3-B72D-47B6-A68D-7590B98EB39B}
		{ABCA1D82-F87F-C887-D14D-FCCEC6B2C005} = {827E0CD3-B72D-47B6-A68D-7590B98EB39B}
		{C30EFC08-D2C0-DF97-E0B3-4437429176C4} = {827E0CD3-B72D-47B6-A68D-7590B98EB39B}
		{44DA19C8-5B9B-6524-CF69-55296739FFA1} = {827E0CD3-B72D-47B6-A68D-7590B98EB39B}
		{70A59819-E5D4-01A7-13B8-C58474FF5F12} = {44DA19C8-5B9B-6524-CF69-55296739FFA1}
		{97AE43C1-85AE-9690-C9BD-0324FBAB0050} = {44DA19C8-5B9B-6524-CF69-55296739FFA1}
		{42AA0DB2-BE0F-D871-319F-098ECF1F59BF} = {44DA19C8-5B9B-6524-CF69-55296739FFA1}
	EndGlobalSection
	GlobalSection(ExtensibilityGlobals) = postSolution
		SolutionGuid = {3676D783-7326-4E1E-ADD5-700897D9E5FD}
	EndGlobalSection
EndGlobal
